
Microsoft Visual Studio Solution File, Format Version 12.00
# Visual Studio Version 17
VisualStudioVersion = 17.3.32811.315
MinimumVisualStudioVersion = 10.0.40219.1
Project("{FAE04EC0-301F-11D3-BF4B-00C04F79EFBC}") = "ProvaPR2", "ProvaPR2\ProvaPR2.csproj", "{8686B07A-6985-4BBF-B0D4-E20BC18C342B}"
EndProject
Global
	GlobalSection(SolutionConfigurationPlatforms) = preSolution
		Debug|Any CPU = Debug|Any CPU
		Release|Any CPU = Release|Any CPU
	EndGlobalSection
	GlobalSection(ProjectConfigurationPlatforms) = postSolution
		{8686B07A-6985-4BBF-B0D4-E20BC18C342B}.Debug|Any CPU.ActiveCfg = Debug|Any CPU
		{8686B07A-6985-4BBF-B0D4-E20BC18C342B}.Debug|Any CPU.Build.0 = Debug|Any CPU
		{8686B07A-6985-4BBF-B0D4-E20BC18C342B}.Release|Any CPU.ActiveCfg = Release|Any CPU
		{8686B07A-6985-4BBF-B0D4-E20BC18C342B}.Release|Any CPU.Build.0 = Release|Any CPU
	EndGlobalSection
	GlobalSection(SolutionProperties) = preSolution
		HideSolutionNode = FALSE
	EndGlobalSection
	GlobalSection(ExtensibilityGlobals) = postSolution
		SolutionGuid = {69E50B3F-0300-42B3-A152-88C11070F7F9}
	EndGlobalSection
EndGlobal
